{
    "_readme": [
        "This file locks the dependencies of your project to a known state",
        "Read more about it at https://getcomposer.org/doc/01-basic-usage.md#installing-dependencies",
        "This file is @generated automatically"
    ],
    "content-hash": "b687ee468c146df3e1e526f7371201d4",
    "packages": [
        {
            "name": "brick/math",
            "version": "0.9.3",
            "source": {
                "type": "git",
                "url": "https://github.com/brick/math.git",
                "reference": "ca57d18f028f84f777b2168cd1911b0dee2343ae"
            },
            "dist": {
                "type": "zip",
                "url": "https://api.github.com/repos/brick/math/zipball/ca57d18f028f84f777b2168cd1911b0dee2343ae",
                "reference": "ca57d18f028f84f777b2168cd1911b0dee2343ae",
                "shasum": ""
            },
            "require": {
                "ext-json": "*",
                "php": "^7.1 || ^8.0"
            },
            "require-dev": {
                "php-coveralls/php-coveralls": "^2.2",
                "phpunit/phpunit": "^7.5.15 || ^8.5 || ^9.0",
                "vimeo/psalm": "4.9.2"
            },
            "type": "library",
            "autoload": {
                "psr-4": {
                    "Brick\\Math\\": "src/"
                }
            },
            "notification-url": "https://packagist.org/downloads/",
            "license": [
                "MIT"
            ],
            "description": "Arbitrary-precision arithmetic library",
            "keywords": [
                "Arbitrary-precision",
                "BigInteger",
                "BigRational",
                "arithmetic",
                "bigdecimal",
                "bignum",
                "brick",
                "math"
            ],
            "support": {
                "issues": "https://github.com/brick/math/issues",
                "source": "https://github.com/brick/math/tree/0.9.3"
            },
            "funding": [
                {
                    "url": "https://github.com/BenMorel",
                    "type": "github"
                },
                {
                    "url": "https://tidelift.com/funding/github/packagist/brick/math",
                    "type": "tidelift"
                }
            ],
            "time": "2021-08-15T20:50:18+00:00"
        },
        {
            "name": "dflydev/dot-access-data",
            "version": "v3.0.1",
            "source": {
                "type": "git",
                "url": "https://github.com/dflydev/dflydev-dot-access-data.git",
                "reference": "0992cc19268b259a39e86f296da5f0677841f42c"
            },
            "dist": {
                "type": "zip